
Microsoft Visual Studio Solution File, Format Version 12.00
Project("{FAE04EC0-301F-11D3-BF4B-00C04F79EFBC}") = "MS2Sharp", "MS2Sharp\MS2Sharp.csproj", "{D66EE7DF-9923-4B42-9FE3-0FB3B7F29950}"
EndProject
Global
	GlobalSection(SolutionConfigurationPlatforms) = preSolution
		Debug|Any CPU = Debug|Any CPU
		Release|Any CPU = Release|Any CPU
	EndGlobalSection
	GlobalSection(ProjectConfigurationPlatforms) = postSolution
		{D66EE7DF-9923-4B42-9FE3-0FB3B7F29950}.Debug|Any CPU.ActiveCfg = Debug|Any CPU
		{D66EE7DF-9923-4B42-9FE3-0FB3B7F29950}.Debug|Any CPU.Build.0 = Debug|Any CPU
		{D66EE7DF-9923-4B42-9FE3-0FB3B7F29950}.Release|Any CPU.ActiveCfg = Release|Any CPU
		{D66EE7DF-9923-4B42-9FE3-0FB3B7F29950}.Release|Any CPU.Build.0 = Release|Any CPU
	EndGlobalSection
EndGlobal
